
Microsoft Visual Studio Solution File, Format Version 12.00
# Visual Studio Version 16
VisualStudioVersion = 16.0.30011.22
MinimumVisualStudioVersion = 10.0.40219.1
Project("{9A19103F-16F7-4668-BE54-9A1E7A4F7556}") = "1. Ages", "1. Ages\1. Ages.csproj", "{C3E3585C-58B7-4557-B291-FE7868F729F3}"
EndProject
Project("{9A19103F-16F7-4668-BE54-9A1E7A4F7556}") = "2. Division", "2. Division\2. Division.csproj", "{EFBD94A7-D96B-4655-A01E-003BE23734B8}"
EndProject
Project("{9A19103F-16F7-4668-BE54-9A1E7A4F7556}") = "3. Vacation", "3. Vacation\3. Vacation.csproj", "{DC5D763D-4148-4305-9F0E-A3E3C3C2F17F}"
EndProject
Project("{9A19103F-16F7-4668-BE54-9A1E7A4F7556}") = "4. Print and Sum", "4. Print and Sum\4. Print and Sum.csproj", "{999D6FD2-98F4-4722-ADD9-D2E9155ADCF1}"
EndProject
Project("{9A19103F-16F7-4668-BE54-9A1E7A4F7556}") = "5. Login", "5. Login\5. Login.csproj", "{819F83DA-79FF-49CF-9100-491851FE9EEC}"
EndProject
Project("{FAE04EC0-301F-11D3-BF4B-00C04F79EFBC}") = "8. Triangle of Numbers", "8. Triangle of Numbers\8. Triangle of Numbers.csproj", "{6020FD05-06F3-4E01-832E-0E6CAEA3F243}"
EndProject
Project("{FAE04EC0-301F-11D3-BF4B-00C04F79EFBC}") = "6. Strong Number", "6. Strong Number\6. Strong Number.csproj", "{AC82E9CD-DE3E-476D-A74A-329AA8F04414}"
EndProject
Project("{FAE04EC0-301F-11D3-BF4B-00C04F79EFBC}") = "7. Vending Machine", "7. Vending Machine\7. Vending Machine.csproj", "{30C385BA-F900-431C-B949-8C4E6C27B60D}"
EndProject
Project("{FAE04EC0-301F-11D3-BF4B-00C04F79EFBC}") = "10. Rage Expenses", "10. Rage Expenses\10. Rage Expenses.csproj", "{FC2F2BA5-069D-4DBF-9F51-997BEF4BE8A1}"
EndProject
Project("{FAE04EC0-301F-11D3-BF4B-00C04F79EFBC}") = "9. Padawan Equipment", "09. Padawan Equipment\9. Padawan Equipment.csproj", "{90E3E497-7544-4C8B-9C6F-AB568951A919}"
EndProject
Global
	GlobalSection(SolutionConfigurationPlatforms) = preSolution
		Debug|Any CPU = Debug|Any CPU
		Release|Any CPU = Release|Any CPU
	EndGlobalSection
	GlobalSection(ProjectConfigurationPlatforms) = postSolution
		{C3E3585C-58B7-4557-B291-FE7868F729F3}.Debug|Any CPU.ActiveCfg = Debug|Any CPU
		{C3E3585C-58B7-4557-B291-FE7868F729F3}.Debug|Any CPU.Build.0 = Debug|Any CPU
		{C3E3585C-58B7-4557-B291-FE7868F729F3}.Release|Any CPU.ActiveCfg = Release|Any CPU
		{C3E3585C-58B7-4557-B291-FE7868F729F3}.Release|Any CPU.Build.0 = Release|Any CPU
		{EFBD94A7-D96B-4655-A01E-003BE23734B8}.Debug|Any CPU.ActiveCfg = Debug|Any CPU
		{EFBD94A7-D96B-4655-A01E-003BE23734B8}.Debug|Any CPU.Build.0 = Debug|Any CPU
		{EFBD94A7-D96B-4655-A01E-003BE23734B8}.Release|Any CPU.ActiveCfg = Release|Any CPU
		{EFBD94A7-D96B-4655-A01E-003BE23734B8}.Release|Any CPU.Build.0 = Release|Any CPU
		{DC5D763D-4148-4305-9F0E-A3E3C3C2F17F}.Debug|Any CPU.ActiveCfg = Debug|Any CPU
		{DC5D763D-4148-4305-9F0E-A3E3C3C2F17F}.Debug|Any CPU.Build.0 = Debug|Any CPU
		{DC5D763D-4148-4305-9F0E-A3E3C3C2F17F}.Release|Any CPU.ActiveCfg = Release|Any CPU
		{DC5D763D-4148-4305-9F0E-A3E3C3C2F17F}.Release|Any CPU.Build.0 = Release|Any CPU
		{999D6FD2-98F4-4722-ADD9-D2E9155ADCF1}.Debug|Any CPU.ActiveCfg = Debug|Any CPU
		{999D6FD2-98F4-4722-ADD9-D2E9155ADCF1}.Debug|Any CPU.Build.0 = Debug|Any CPU
		{999D6FD2-98F4-4722-ADD9-D2E9155ADCF1}.Release|Any CPU.ActiveCfg = Release|Any CPU
		{999D6FD2-98F4-4722-ADD9-D2E9155ADCF1}.Release|Any CPU.Build.0 = Release|Any CPU
		{819F83DA-79FF-49CF-9100-491851FE9EEC}.Debug|Any CPU.ActiveCfg = Debug|Any CPU
		{819F83DA-79FF-49CF-9100-491851FE9EEC}.Debug|Any CPU.Build.0 = Debug|Any CPU
		{819F83DA-79FF-49CF-9100-491851FE9EEC}.Release|Any CPU.ActiveCfg = Release|Any CPU
		{819F83DA-79FF-49CF-9100-491851FE9EEC}.Release|Any CPU.Build.0 = Release|Any CPU
		{6020FD05-06F3-4E01-832E-0E6CAEA3F243}.Debug|Any CPU.ActiveCfg = Debug|Any CPU
		{6020FD05-06F3-4E01-832E-0E6CAEA3F243}.Debug|Any CPU.Build.0 = Debug|Any CPU
		{6020FD05-06F3-4E01-832E-0E6CAEA3F243}.Release|Any CPU.ActiveCfg = Release|Any CPU
		{6020FD05-06F3-4E01-832E-0E6CAEA3F243}.Release|Any CPU.Build.0 = Release|Any CPU
		{AC82E9CD-DE3E-476D-A74A-329AA8F04414}.Debug|Any CPU.ActiveCfg = Debug|Any CPU
		{AC82E9CD-DE3E-476D-A74A-329AA8F04414}.Debug|Any CPU.Build.0 = Debug|Any CPU
		{AC82E9CD-DE3E-476D-A74A-329AA8F04414}.Release|Any CPU.ActiveCfg = Release|Any CPU
		{AC82E9CD-DE3E-476D-A74A-329AA8F04414}.Release|Any CPU.Build.0 = Release|Any CPU
		{30C385BA-F900-431C-B949-8C4E6C27B60D}.Debug|Any CPU.ActiveCfg = Debug|Any CPU
		{30C385BA-F900-431C-B949-8C4E6C27B60D}.Debug|Any CPU.Build.0 = Debug|Any CPU
		{30C385BA-F900-431C-B949-8C4E6C27B60D}.Release|Any CPU.ActiveCfg = Release|Any CPU
		{30C385BA-F900-431C-B949-8C4E6C27B60D}.Release|Any CPU.Build.0 = Release|Any CPU
		{FC2F2BA5-069D-4DBF-9F51-997BEF4BE8A1}.Debug|Any CPU.ActiveCfg = Debug|Any CPU
		{FC2F2BA5-069D-4DBF-9F51-997BEF4BE8A1}.Debug|Any CPU.Build.0 = Debug|Any CPU
		{FC2F2BA5-069D-4DBF-9F51-997BEF4BE8A1}.Release|Any CPU.ActiveCfg = Release|Any CPU
		{FC2F2BA5-069D-4DBF-9F51-997BEF4BE8A1}.Release|Any CPU.Build.0 = Release|Any CPU
		{90E3E497-7544-4C8B-9C6F-AB568951A919}.Debug|Any CPU.ActiveCfg = Debug|Any CPU
		{90E3E497-7544-4C8B-9C6F-AB568951A919}.Debug|Any CPU.Build.0 = Debug|Any CPU
		{90E3E497-7544-4C8B-9C6F-AB568951A919}.Release|Any CPU.ActiveCfg = Release|Any CPU
		{90E3E497-7544-4C8B-9C6F-AB568951A919}.Release|Any CPU.Build.0 = Release|Any CPU
	EndGlobalSection
	GlobalSection(SolutionProperties) = preSolution
		HideSolutionNode = FALSE
	EndGlobalSection
	GlobalSection(ExtensibilityGlobals) = postSolution
		SolutionGuid = {F54C6DAA-746D-4793-B7AC-12D3D4CE7AB4}
	EndGlobalSection
EndGlobal
